
Microsoft Visual Studio Solution File, Format Version 12.00
# Visual Studio Version 17
VisualStudioVersion = 17.14.36310.24 d17.14
MinimumVisualStudioVersion = 10.0.40219.1
Project("{FAE04EC0-301F-11D3-BF4B-00C04F79EFBC}") = "sumofdigits", "sumofdigits.csproj", "{9076A0A5-9EB5-43B3-B167-9A280DD77229}"
EndProject
Global
	GlobalSection(SolutionConfigurationPlatforms) = preSolution
		Debug|Any CPU = Debug|Any CPU
		Release|Any CPU = Release|Any CPU
	EndGlobalSection
	GlobalSection(ProjectConfigurationPlatforms) = postSolution
		{9076A0A5-9EB5-43B3-B167-9A280DD77229}.Debug|Any CPU.ActiveCfg = Debug|Any CPU
		{9076A0A5-9EB5-43B3-B167-9A280DD77229}.Debug|Any CPU.Build.0 = Debug|Any CPU
		{9076A0A5-9EB5-43B3-B167-9A280DD77229}.Release|Any CPU.ActiveCfg = Release|Any CPU
		{9076A0A5-9EB5-43B3-B167-9A280DD77229}.Release|Any CPU.Build.0 = Release|Any CPU
	EndGlobalSection
	GlobalSection(SolutionProperties) = preSolution
		HideSolutionNode = FALSE
	EndGlobalSection
	GlobalSection(ExtensibilityGlobals) = postSolution
		SolutionGuid = {6E82D8AB-C6AF-4BEB-8EB9-3E5596EDD1BB}
	EndGlobalSection
EndGlobal
