
Microsoft Visual Studio Solution File, Format Version 12.00
# Visual Studio Version 17
VisualStudioVersion = 17.14.36310.24 d17.14
MinimumVisualStudioVersion = 10.0.40219.1
Project("{FAE04EC0-301F-11D3-BF4B-00C04F79EFBC}") = "readaperson", "readaperson.csproj", "{1CB1B884-A0E8-42E5-BC7B-4742EB2AE9DF}"
EndProject
Global
	GlobalSection(SolutionConfigurationPlatforms) = preSolution
		Debug|Any CPU = Debug|Any CPU
		Release|Any CPU = Release|Any CPU
	EndGlobalSection
	GlobalSection(ProjectConfigurationPlatforms) = postSolution
		{1CB1B884-A0E8-42E5-BC7B-4742EB2AE9DF}.Debug|Any CPU.ActiveCfg = Debug|Any CPU
		{1CB1B884-A0E8-42E5-BC7B-4742EB2AE9DF}.Debug|Any CPU.Build.0 = Debug|Any CPU
		{1CB1B884-A0E8-42E5-BC7B-4742EB2AE9DF}.Release|Any CPU.ActiveCfg = Release|Any CPU
		{1CB1B884-A0E8-42E5-BC7B-4742EB2AE9DF}.Release|Any CPU.Build.0 = Release|Any CPU
	EndGlobalSection
	GlobalSection(SolutionProperties) = preSolution
		HideSolutionNode = FALSE
	EndGlobalSection
	GlobalSection(ExtensibilityGlobals) = postSolution
		SolutionGuid = {87CEE913-F775-4A59-8FC8-DBC6831314DF}
	EndGlobalSection
EndGlobal
