
Microsoft Visual Studio Solution File, Format Version 12.00
# Visual Studio Version 17
VisualStudioVersion = 17.14.36310.24 d17.14
MinimumVisualStudioVersion = 10.0.40219.1
Project("{FAE04EC0-301F-11D3-BF4B-00C04F79EFBC}") = "LiberaryaManagement", "LiberaryaManagement.csproj", "{2EAD646A-89D7-4BB7-801C-2212D78CB3E3}"
EndProject
Global
	GlobalSection(SolutionConfigurationPlatforms) = preSolution
		Debug|Any CPU = Debug|Any CPU
		Release|Any CPU = Release|Any CPU
	EndGlobalSection
	GlobalSection(ProjectConfigurationPlatforms) = postSolution
		{2EAD646A-89D7-4BB7-801C-2212D78CB3E3}.Debug|Any CPU.ActiveCfg = Debug|Any CPU
		{2EAD646A-89D7-4BB7-801C-2212D78CB3E3}.Debug|Any CPU.Build.0 = Debug|Any CPU
		{2EAD646A-89D7-4BB7-801C-2212D78CB3E3}.Release|Any CPU.ActiveCfg = Release|Any CPU
		{2EAD646A-89D7-4BB7-801C-2212D78CB3E3}.Release|Any CPU.Build.0 = Release|Any CPU
	EndGlobalSection
	GlobalSection(SolutionProperties) = preSolution
		HideSolutionNode = FALSE
	EndGlobalSection
	GlobalSection(ExtensibilityGlobals) = postSolution
		SolutionGuid = {9894A8C4-DD9D-471D-A7DA-D2F7217CF20B}
	EndGlobalSection
EndGlobal
