
Microsoft Visual Studio Solution File, Format Version 12.00
# Visual Studio Version 17
VisualStudioVersion = 17.14.36310.24 d17.14
MinimumVisualStudioVersion = 10.0.40219.1
Project("{FAE04EC0-301F-11D3-BF4B-00C04F79EFBC}") = "printer.cs", "printer.cs.csproj", "{3E2BC7BE-4B19-4C01-839B-AABCE23B4071}"
EndProject
Global
	GlobalSection(SolutionConfigurationPlatforms) = preSolution
		Debug|Any CPU = Debug|Any CPU
		Release|Any CPU = Release|Any CPU
	EndGlobalSection
	GlobalSection(ProjectConfigurationPlatforms) = postSolution
		{3E2BC7BE-4B19-4C01-839B-AABCE23B4071}.Debug|Any CPU.ActiveCfg = Debug|Any CPU
		{3E2BC7BE-4B19-4C01-839B-AABCE23B4071}.Debug|Any CPU.Build.0 = Debug|Any CPU
		{3E2BC7BE-4B19-4C01-839B-AABCE23B4071}.Release|Any CPU.ActiveCfg = Release|Any CPU
		{3E2BC7BE-4B19-4C01-839B-AABCE23B4071}.Release|Any CPU.Build.0 = Release|Any CPU
	EndGlobalSection
	GlobalSection(SolutionProperties) = preSolution
		HideSolutionNode = FALSE
	EndGlobalSection
	GlobalSection(ExtensibilityGlobals) = postSolution
		SolutionGuid = {53E0F5B3-7EDB-4A8F-8AA1-B5FF66178C71}
	EndGlobalSection
EndGlobal
